// !$*UTF8*$!
{
	archiveVersion = 1;
	classes = {
	};
	objectVersion = 55;
	objects = {

/* Begin PBXBuildFile section */
		69D5E8BF286D48AF00BA9692 /* AppDelegate.swift in Sources */ = {isa = PBXBuildFile; fileRef = 69D5E8BE286D48AF00BA9692 /* AppDelegate.swift */; };
		69D5E8C1286D48AF00BA9692 /* SceneDelegate.swift in Sources */ = {isa = PBXBuildFile; fileRef = 69D5E8C0286D48AF00BA9692 /* SceneDelegate.swift */; };
		69D5E8C3286D48AF00BA9692 /* MainTabBarViewController.swift in Sources */ = {isa = PBXBuildFile; fileRef = 69D5E8C2286D48AF00BA9692 /* MainTabBarViewController.swift */; };
		69D5E8C8286D48B000BA9692 /* Assets.xcassets in Resources */ = {isa = PBXBuildFile; fileRef = 69D5E8C7286D48B000BA9692 /* Assets.xcassets */; };
		69D5E8CB286D48B000BA9692 /* LaunchScreen.storyboard in Resources */ = {isa = PBXBuildFile; fileRef = 69D5E8C9286D48B000BA9692 /* LaunchScreen.storyboard */; };
		69D5E8D7286D4E8600BA9692 /* HomeViewController.swift in Sources */ = {isa = PBXBuildFile; fileRef = 69D5E8D6286D4E8600BA9692 /* HomeViewController.swift */; };
		69D5E8DB286D4EBF00BA9692 /* SearchViewController.swift in Sources */ = {isa = PBXBuildFile; fileRef = 69D5E8DA286D4EBF00BA9692 /* SearchViewController.swift */; };
		69D5E8DF286D4EF900BA9692 /* UpcomingViewController.swift in Sources */ = {isa = PBXBuildFile; fileRef = 69D5E8DE286D4EF900BA9692 /* UpcomingViewController.swift */; };
		69D5E8E3286D4F4400BA9692 /* DownloadsViewController.swift in Sources */ = {isa = PBXBuildFile; fileRef = 69D5E8E2286D4F4400BA9692 /* DownloadsViewController.swift */; };
		69D5E8E8286D60CB00BA9692 /* CollectionViewTableViewCell.swift in Sources */ = {isa = PBXBuildFile; fileRef = 69D5E8E7286D60CB00BA9692 /* CollectionViewTableViewCell.swift */; };
		69D5E8EA286D6EA800BA9692 /* HeroHeaderView.swift in Sources */ = {isa = PBXBuildFile; fileRef = 69D5E8E9286D6EA800BA9692 /* HeroHeaderView.swift */; };
		69D5E8ED286D882F00BA9692 /* UIImage.swift in Sources */ = {isa = PBXBuildFile; fileRef = 69D5E8EC286D882F00BA9692 /* UIImage.swift */; };
/* End PBXBuildFile section */

/* Begin PBXFileReference section */
		69D5E8BB286D48AF00BA9692 /* Netflix-Clone.app */ = {isa = PBXFileReference; explicitFileType = wrapper.application; includeInIndex = 0; path = "Netflix-Clone.app"; sourceTree = BUILT_PRODUCTS_DIR; };
		69D5E8BE286D48AF00BA9692 /* AppDelegate.swift */ = {isa = PBXFileReference; lastKnownFileType = sourcecode.swift; path = AppDelegate.swift; sourceTree = "<group>"; };
		69D5E8C0286D48AF00BA9692 /* SceneDelegate.swift */ = {isa = PBXFileReference; lastKnownFileType = sourcecode.swift; path = SceneDelegate.swift; sourceTree = "<group>"; };
		69D5E8C2286D48AF00BA9692 /* MainTabBarViewController.swift */ = {isa = PBXFileReference; lastKnownFileType = sourcecode.swift; path = MainTabBarViewController.swift; sourceTree = "<group>"; };
		69D5E8C7286D48B000BA9692 /* Assets.xcassets */ = {isa = PBXFileReference; lastKnownFileType = folder.assetcatalog; path = Assets.xcassets; sourceTree = "<group>"; };
		69D5E8CA286D48B000BA9692 /* Base */ = {isa = PBXFileReference; lastKnownFileType = file.storyboard; name = Base; path = Base.lproj/LaunchScreen.storyboard; sourceTree = "<group>"; };
		69D5E8CC286D48B000BA9692 /* Info.plist */ = {isa = PBXFileReference; lastKnownFileType = text.plist.xml; path = Info.plist; sourceTree = "<group>"; };
		69D5E8D6286D4E8600BA9692 /* HomeViewController.swift */ = {isa = PBXFileReference; lastKnownFileType = sourcecode.swift; path = HomeViewController.swift; sourceTree = "<group>"; };
		69D5E8DA286D4EBF00BA9692 /* SearchViewController.swift */ = {isa = PBXFileReference; lastKnownFileType = sourcecode.swift; path = SearchViewController.swift; sourceTree = "<group>"; };
		69D5E8DE286D4EF900BA9692 /* UpcomingViewController.swift */ = {isa = PBXFileReference; lastKnownFileType = sourcecode.swift; path = UpcomingViewController.swift; sourceTree = "<group>"; };
		69D5E8E2286D4F4400BA9692 /* DownloadsViewController.swift */ = {isa = PBXFileReference; lastKnownFileType = sourcecode.swift; path = DownloadsViewController.swift; sourceTree = "<group>"; };
		69D5E8E7286D60CB00BA9692 /* CollectionViewTableViewCell.swift */ = {isa = PBXFileReference; lastKnownFileType = sourcecode.swift; path = CollectionViewTableViewCell.swift; sourceTree = "<group>"; };
		69D5E8E9286D6EA800BA9692 /* HeroHeaderView.swift */ = {isa = PBXFileReference; lastKnownFileType = sourcecode.swift; path = HeroHeaderView.swift; sourceTree = "<group>"; };
		69D5E8EC286D882F00BA9692 /* UIImage.swift */ = {isa = PBXFileReference; lastKnownFileType = sourcecode.swift; path = UIImage.swift; sourceTree = "<group>"; };
/* End PBXFileReference section */

/* Begin PBXFrameworksBuildPhase section */
		69D5E8B8286D48AF00BA9692 /* Frameworks */ = {
			isa = PBXFrameworksBuildPhase;
			buildActionMask = 2147483647;
			files = (
			);
			runOnlyForDeploymentPostprocessing = 0;
		};
/* End PBXFrameworksBuildPhase section */

/* Begin PBXGroup section */
		69D5E8B2286D48AF00BA9692 = {
			isa = PBXGroup;
			children = (
				69D5E8BD286D48AF00BA9692 /* Netflix-Clone */,
				69D5E8BC286D48AF00BA9692 /* Products */,
			);
			sourceTree = "<group>";
		};
		69D5E8BC286D48AF00BA9692 /* Products */ = {
			isa = PBXGroup;
			children = (
				69D5E8BB286D48AF00BA9692 /* Netflix-Clone.app */,
			);
			name = Products;
			sourceTree = "<group>";
		};
		69D5E8BD286D48AF00BA9692 /* Netflix-Clone */ = {
			isa = PBXGroup;
			children = (
				69D5E8EB286D882100BA9692 /* Extension */,
				69D5E8E5286D5FD300BA9692 /* Base */,
				69D5E8D2286D4D9F00BA9692 /* Screens */,
				69D5E8C7286D48B000BA9692 /* Assets.xcassets */,
				69D5E8C9286D48B000BA9692 /* LaunchScreen.storyboard */,
				69D5E8CC286D48B000BA9692 /* Info.plist */,
			);
			path = "Netflix-Clone";
			sourceTree = "<group>";
		};
		69D5E8D2286D4D9F00BA9692 /* Screens */ = {
			isa = PBXGroup;
			children = (
				69D5E8E0286D4F2300BA9692 /* Downloads */,
				69D5E8DC286D4EE400BA9692 /* Upcoming */,
				69D5E8D8286D4EAD00BA9692 /* Search */,
				69D5E8D4286D4E6200BA9692 /* Home */,
				69D5E8D3286D4DBB00BA9692 /* MainTabBar */,
			);
			path = Screens;
			sourceTree = "<group>";
		};
		69D5E8D3286D4DBB00BA9692 /* MainTabBar */ = {
			isa = PBXGroup;
			children = (
				69D5E8E6286D603700BA9692 /* View */,
			);
			path = MainTabBar;
			sourceTree = "<group>";
		};
		69D5E8D4286D4E6200BA9692 /* Home */ = {
			isa = PBXGroup;
			children = (
				69D5E8E4286D5E7500BA9692 /* ViewModel */,
				69D5E8D5286D4E6D00BA9692 /* View */,
			);
			path = Home;
			sourceTree = "<group>";
		};
		69D5E8D5286D4E6D00BA9692 /* View */ = {
			isa = PBXGroup;
			children = (
				69D5E8D6286D4E8600BA9692 /* HomeViewController.swift */,
				69D5E8E7286D60CB00BA9692 /* CollectionViewTableViewCell.swift */,
				69D5E8E9286D6EA800BA9692 /* HeroHeaderView.swift */,
			);
			path = View;
			sourceTree = "<group>";
		};
		69D5E8D8286D4EAD00BA9692 /* Search */ = {
			isa = PBXGroup;
			children = (
				69D5E8D9286D4EB300BA9692 /* View */,
			);
			path = Search;
			sourceTree = "<group>";
		};
		69D5E8D9286D4EB300BA9692 /* View */ = {
			isa = PBXGroup;
			children = (
				69D5E8DA286D4EBF00BA9692 /* SearchViewController.swift */,
			);
			path = View;
			sourceTree = "<group>";
		};
		69D5E8DC286D4EE400BA9692 /* Upcoming */ = {
			isa = PBXGroup;
			children = (
				69D5E8DD286D4EEB00BA9692 /* View */,
			);
			path = Upcoming;
			sourceTree = "<group>";
		};
		69D5E8DD286D4EEB00BA9692 /* View */ = {
			isa = PBXGroup;
			children = (
				69D5E8DE286D4EF900BA9692 /* UpcomingViewController.swift */,
			);
			path = View;
			sourceTree = "<group>";
		};
		69D5E8E0286D4F2300BA9692 /* Downloads */ = {
			isa = PBXGroup;
			children = (
				69D5E8E1286D4F2F00BA9692 /* View */,
			);
			path = Downloads;
			sourceTree = "<group>";
		};
		69D5E8E1286D4F2F00BA9692 /* View */ = {
			isa = PBXGroup;
			children = (
				69D5E8E2286D4F4400BA9692 /* DownloadsViewController.swift */,
			);
			path = View;
			sourceTree = "<group>";
		};
		69D5E8E4286D5E7500BA9692 /* ViewModel */ = {
			isa = PBXGroup;
			children = (
			);
			path = ViewModel;
			sourceTree = "<group>";
		};
		69D5E8E5286D5FD300BA9692 /* Base */ = {
			isa = PBXGroup;
			children = (
				69D5E8BE286D48AF00BA9692 /* AppDelegate.swift */,
				69D5E8C0286D48AF00BA9692 /* SceneDelegate.swift */,
			);
			path = Base;
			sourceTree = "<group>";
		};
		69D5E8E6286D603700BA9692 /* View */ = {
			isa = PBXGroup;
			children = (
				69D5E8C2286D48AF00BA9692 /* MainTabBarViewController.swift */,
			);
			path = View;
			sourceTree = "<group>";
		};
		69D5E8EB286D882100BA9692 /* Extension */ = {
			isa = PBXGroup;
			children = (
				69D5E8EC286D882F00BA9692 /* UIImage.swift */,
			);
			path = Extension;
			sourceTree = "<group>";
		};
/* End PBXGroup section */

/* Begin PBXNativeTarget section */
		69D5E8BA286D48AF00BA9692 /* Netflix-Clone */ = {
			isa = PBXNativeTarget;
			buildConfigurationList = 69D5E8CF286D48B000BA9692 /* Build configuration list for PBXNativeTarget "Netflix-Clone" */;
			buildPhases = (
				69D5E8B7286D48AF00BA9692 /* Sources */,
				69D5E8B8286D48AF00BA9692 /* Frameworks */,
				69D5E8B9286D48AF00BA9692 /* Resources */,
			);
			buildRules = (
			);
			dependencies = (
			);
			name = "Netflix-Clone";
			productName = "Netflix-Clone";
			productReference = 69D5E8BB286D48AF00BA9692 /* Netflix-Clone.app */;
			productType = "com.apple.product-type.application";
		};
/* End PBXNativeTarget section */

/* Begin PBXProject section */
		69D5E8B3286D48AF00BA9692 /* Project object */ = {
			isa = PBXProject;
			attributes = {
				BuildIndependentTargetsInParallel = 1;
				LastSwiftUpdateCheck = 1320;
				LastUpgradeCheck = 1320;
				TargetAttributes = {
					69D5E8BA286D48AF00BA9692 = {
						CreatedOnToolsVersion = 13.2.1;
					};
				};
			};
			buildConfigurationList = 69D5E8B6286D48AF00BA9692 /* Build configuration list for PBXProject "Netflix-Clone" */;
			compatibilityVersion = "Xcode 13.0";
			developmentRegion = en;
			hasScannedForEncodings = 0;
			knownRegions = (
				en,
				Base,
			);
			mainGroup = 69D5E8B2286D48AF00BA9692;
			productRefGroup = 69D5E8BC286D48AF00BA9692 /* Products */;
			projectDirPath = "";
			projectRoot = "";
			targets = (
				69D5E8BA286D48AF00BA9692 /* Netflix-Clone */,
			);
		};
/* End PBXProject section */

/* Begin PBXResourcesBuildPhase section */
		69D5E8B9286D48AF00BA9692 /* Resources */ = {
			isa = PBXResourcesBuildPhase;
			buildActionMask = 2147483647;
			files = (
				69D5E8CB286D48B000BA9692 /* LaunchScreen.storyboard in Resources */,
				69D5E8C8286D48B000BA9692 /* Assets.xcassets in Resources */,
			);
			runOnlyForDeploymentPostprocessing = 0;
		};
/* End PBXResourcesBuildPhase section */

/* Begin PBXSourcesBuildPhase section */
		69D5E8B7286D48AF00BA9692 /* Sources */ = {
			isa = PBXSourcesBuildPhase;
			buildActionMask = 2147483647;
			files = (
				69D5E8DF286D4EF900BA9692 /* UpcomingViewController.swift in Sources */,
				69D5E8ED286D882F00BA9692 /* UIImage.swift in Sources */,
				69D5E8DB286D4EBF00BA9692 /* SearchViewController.swift in Sources */,
				69D5E8E8286D60CB00BA9692 /* CollectionViewTableViewCell.swift in Sources */,
				69D5E8E3286D4F4400BA9692 /* DownloadsViewController.swift in Sources */,
				69D5E8EA286D6EA800BA9692 /* HeroHeaderView.swift in Sources */,
				69D5E8C3286D48AF00BA9692 /* MainTabBarViewController.swift in Sources */,
				69D5E8BF286D48AF00BA9692 /* AppDelegate.swift in Sources */,
				69D5E8C1286D48AF00BA9692 /* SceneDelegate.swift in Sources */,
				69D5E8D7286D4E8600BA9692 /* HomeViewController.swift in Sources */,
			);
			runOnlyForDeploymentPostprocessing = 0;
		};
/* End PBXSourcesBuildPhase section */

/* Begin PBXVariantGroup section */
		69D5E8C9286D48B000BA9692 /* LaunchScreen.storyboard */ = {
			isa = PBXVariantGroup;
			children = (
				69D5E8CA286D48B000BA9692 /* Base */,
			);
			name = LaunchScreen.storyboard;
			sourceTree = "<group>";
		};
/* End PBXVariantGroup section */

/* Begin XCBuildConfiguration section */
		69D5E8CD286D48B000BA9692 /* Debug */ = {
			isa = XCBuildConfiguration;
			buildSettings = {
				ALWAYS_SEARCH_USER_PATHS = NO;
				CLANG_ANALYZER_NONNULL = YES;
				CLANG_ANALYZER_NUMBER_OBJECT_CONVERSION = YES_AGGRESSIVE;
				CLANG_CXX_LANGUAGE_STANDARD = "gnu++17";
				CLANG_CXX_LIBRARY = "libc++";
				CLANG_ENABLE_MODULES = YES;
				CLANG_ENABLE_OBJC_ARC = YES;
				CLANG_ENABLE_OBJC_WEAK = YES;
				CLANG_WARN_BLOCK_CAPTURE_AUTORELEASING = YES;
				CLANG_WARN_BOOL_CONVERSION = YES;
				CLANG_WARN_COMMA = YES;
				CLANG_WARN_CONSTANT_CONVERSION = YES;
				CLANG_WARN_DEPRECATED_OBJC_IMPLEMENTATIONS = YES;
				CLANG_WARN_DIRECT_OBJC_ISA_USAGE = YES_ERROR;
				CLANG_WARN_DOCUMENTATION_COMMENTS = YES;
				CLANG_WARN_EMPTY_BODY = YES;
				CLANG_WARN_ENUM_CONVERSION = YES;
				CLANG_WARN_INFINITE_RECURSION = YES;
				CLANG_WARN_INT_CONVERSION = YES;
				CLANG_WARN_NON_LITERAL_NULL_CONVERSION = YES;
				CLANG_WARN_OBJC_IMPLICIT_RETAIN_SELF = YES;
				CLANG_WARN_OBJC_LITERAL_CONVERSION = YES;
				CLANG_WARN_OBJC_ROOT_CLASS = YES_ERROR;
				CLANG_WARN_QUOTED_INCLUDE_IN_FRAMEWORK_HEADER = YES;
				CLANG_WARN_RANGE_LOOP_ANALYSIS = YES;
				CLANG_WARN_STRICT_PROTOTYPES = YES;
				CLANG_WARN_SUSPICIOUS_MOVE = YES;
				CLANG_WARN_UNGUARDED_AVAILABILITY = YES_AGGRESSIVE;
				CLANG_WARN_UNREACHABLE_CODE = YES;
				CLANG_WARN__DUPLICATE_METHOD_MATCH = YES;
				COPY_PHASE_STRIP = NO;
				DEBUG_INFORMATION_FORMAT = dwarf;
				ENABLE_STRICT_OBJC_MSGSEND = YES;
				ENABLE_TESTABILITY = YES;
				GCC_C_LANGUAGE_STANDARD = gnu11;
				GCC_DYNAMIC_NO_PIC = NO;
				GCC_NO_COMMON_BLOCKS = YES;
				GCC_OPTIMIZATION_LEVEL = 0;
				GCC_PREPROCESSOR_DEFINITIONS = (
					"DEBUG=1",
					"$(inherited)",
				);
				GCC_WARN_64_TO_32_BIT_CONVERSION = YES;
				GCC_WARN_ABOUT_RETURN_TYPE = YES_ERROR;
				GCC_WARN_UNDECLARED_SELECTOR = YES;
				GCC_WARN_UNINITIALIZED_AUTOS = YES_AGGRESSIVE;
				GCC_WARN_UNUSED_FUNCTION = YES;
				GCC_WARN_UNUSED_VARIABLE = YES;
				IPHONEOS_DEPLOYMENT_TARGET = 15.2;
				MTL_ENABLE_DEBUG_INFO = INCLUDE_SOURCE;
				MTL_FAST_MATH = YES;
				ONLY_ACTIVE_ARCH = YES;
				SDKROOT = iphoneos;
				SWIFT_ACTIVE_COMPILATION_CONDITIONS = DEBUG;
				SWIFT_OPTIMIZATION_LEVEL = "-Onone";
			};
			name = Debug;
		};
		69D5E8CE286D48B000BA9692 /* Release */ = {
			isa = XCBuildConfiguration;
			buildSettings = {
				ALWAYS_SEARCH_USER_PATHS = NO;
				CLANG_ANALYZER_NONNULL = YES;
				CLANG_ANALYZER_NUMBER_OBJECT_CONVERSION = YES_AGGRESSIVE;
				CLANG_CXX_LANGUAGE_STANDARD = "gnu++17";
				CLANG_CXX_LIBRARY = "libc++";
				CLANG_ENABLE_MODULES = YES;
				CLANG_ENABLE_OBJC_ARC = YES;
				CLANG_ENABLE_OBJC_WEAK = YES;
				CLANG_WARN_BLOCK_CAPTURE_AUTORELEASING = YES;
				CLANG_WARN_BOOL_CONVERSION = YES;
				CLANG_WARN_COMMA = YES;
				CLANG_WARN_CONSTANT_CONVERSION = YES;
				CLANG_WARN_DEPRECATED_OBJC_IMPLEMENTATIONS = YES;
				CLANG_WARN_DIRECT_OBJC_ISA_USAGE = YES_ERROR;
				CLANG_WARN_DOCUMENTATION_COMMENTS = YES;
				CLANG_WARN_EMPTY_BODY = YES;
				CLANG_WARN_ENUM_CONVERSION = YES;
				CLANG_WARN_INFINITE_RECURSION = YES;
				CLANG_WARN_INT_CONVERSION = YES;
				CLANG_WARN_NON_LITERAL_NULL_CONVERSION = YES;
				CLANG_WARN_OBJC_IMPLICIT_RETAIN_SELF = YES;
				CLANG_WARN_OBJC_LITERAL_CONVERSION = YES;
				CLANG_WARN_OBJC_ROOT_CLASS = YES_ERROR;
				CLANG_WARN_QUOTED_INCLUDE_IN_FRAMEWORK_HEADER = YES;
				CLANG_WARN_RANGE_LOOP_ANALYSIS = YES;
				CLANG_WARN_STRICT_PROTOTYPES = YES;
				CLANG_WARN_SUSPICIOUS_MOVE = YES;
				CLANG_WARN_UNGUARDED_AVAILABILITY = YES_AGGRESSIVE;
				CLANG_WARN_UNREACHABLE_CODE = YES;
				CLANG_WARN__DUPLICATE_METHOD_MATCH = YES;
				COPY_PHASE_STRIP = NO;
				DEBUG_INFORMATION_FORMAT = "dwarf-with-dsym";
				ENABLE_NS_ASSERTIONS = NO;
				ENABLE_STRICT_OBJC_MSGSEND = YES;
				GCC_C_LANGUAGE_STANDARD = gnu11;
				GCC_NO_COMMON_BLOCKS = YES;
				GCC_WARN_64_TO_32_BIT_CONVERSION = YES;
				GCC_WARN_ABOUT_RETURN_TYPE = YES_ERROR;
				GCC_WARN_UNDECLARED_SELECTOR = YES;
				GCC_WARN_UNINITIALIZED_AUTOS = YES_AGGRESSIVE;
				GCC_WARN_UNUSED_FUNCTION = YES;
				GCC_WARN_UNUSED_VARIABLE = YES;
				IPHONEOS_DEPLOYMENT_TARGET = 15.2;
				MTL_ENABLE_DEBUG_INFO = NO;
				MTL_FAST_MATH = YES;
				SDKROOT = iphoneos;
				SWIFT_COMPILATION_MODE = wholemodule;
				SWIFT_OPTIMIZATION_LEVEL = "-O";
				VALIDATE_PRODUCT = YES;
			};
			name = Release;
		};
		69D5E8D0286D48B000BA9692 /* Debug */ = {
			isa = XCBuildConfiguration;
			buildSettings = {
				ASSETCATALOG_COMPILER_APPICON_NAME = AppIcon;
				ASSETCATALOG_COMPILER_GLOBAL_ACCENT_COLOR_NAME = AccentColor;
				CODE_SIGN_STYLE = Automatic;
				CURRENT_PROJECT_VERSION = 1;
				DEVELOPMENT_TEAM = A2DNT83345;
				GENERATE_INFOPLIST_FILE = YES;
				INFOPLIST_FILE = "Netflix-Clone/Info.plist";
				INFOPLIST_KEY_CFBundleDisplayName = Netflix;
				INFOPLIST_KEY_UIApplicationSupportsIndirectInputEvents = YES;
				INFOPLIST_KEY_UILaunchStoryboardName = LaunchScreen;
				INFOPLIST_KEY_UISupportedInterfaceOrientations_iPad = "UIInterfaceOrientationPortrait UIInterfaceOrientationPortraitUpsideDown UIInterfaceOrientationLandscapeLeft UIInterfaceOrientationLandscapeRight";
				INFOPLIST_KEY_UISupportedInterfaceOrientations_iPhone = UIInterfaceOrientationPortrait;
				LD_RUNPATH_SEARCH_PATHS = (
					"$(inherited)",
					"@executable_path/Frameworks",
				);
				MARKETING_VERSION = 1.0;
				PRODUCT_BUNDLE_IDENTIFIER = "com.nuttaponbuaban.Netflix-Clone";
				PRODUCT_NAME = "$(TARGET_NAME)";
				SWIFT_EMIT_LOC_STRINGS = YES;
				SWIFT_VERSION = 5.0;
				TARGETED_DEVICE_FAMILY = "1,2";
			};
			name = Debug;
		};
		69D5E8D1286D48B000BA9692 /* Release */ = {
			isa = XCBuildConfiguration;
			buildSettings = {
				ASSETCATALOG_COMPILER_APPICON_NAME = AppIcon;
				ASSETCATALOG_COMPILER_GLOBAL_ACCENT_COLOR_NAME = AccentColor;
				CODE_SIGN_STYLE = Automatic;
				CURRENT_PROJECT_VERSION = 1;
				DEVELOPMENT_TEAM = A2DNT83345;
				GENERATE_INFOPLIST_FILE = YES;
				INFOPLIST_FILE = "Netflix-Clone/Info.plist";
				INFOPLIST_KEY_CFBundleDisplayName = Netflix;
				INFOPLIST_KEY_UIApplicationSupportsIndirectInputEvents = YES;
				INFOPLIST_KEY_UILaunchStoryboardName = LaunchScreen;
				INFOPLIST_KEY_UISupportedInterfaceOrientations_iPad = "UIInterfaceOrientationPortrait UIInterfaceOrientationPortraitUpsideDown UIInterfaceOrientationLandscapeLeft UIInterfaceOrientationLandscapeRight";
				INFOPLIST_KEY_UISupportedInterfaceOrientations_iPhone = UIInterfaceOrientationPortrait;
				LD_RUNPATH_SEARCH_PATHS = (
					"$(inherited)",
					"@executable_path/Frameworks",
				);
				MARKETING_VERSION = 1.0;
				PRODUCT_BUNDLE_IDENTIFIER = "com.nuttaponbuaban.Netflix-Clone";
				PRODUCT_NAME = "$(TARGET_NAME)";
				SWIFT_EMIT_LOC_STRINGS = YES;
				SWIFT_VERSION = 5.0;
				TARGETED_DEVICE_FAMILY = "1,2";
			};
			name = Release;
		};
/* End XCBuildConfiguration section */

/* Begin XCConfigurationList section */
		69D5E8B6286D48AF00BA9692 /* Build configuration list for PBXProject "Netflix-Clone" */ = {
			isa = XCConfigurationList;
			buildConfigurations = (
				69D5E8CD286D48B000BA9692 /* Debug */,
				69D5E8CE286D48B000BA9692 /* Release */,
			);
			defaultConfigurationIsVisible = 0;
			defaultConfigurationName = Release;
		};
		69D5E8CF286D48B000BA9692 /* Build configuration list for PBXNativeTarget "Netflix-Clone" */ = {
			isa = XCConfigurationList;
			buildConfigurations = (
				69D5E8D0286D48B000BA9692 /* Debug */,
				69D5E8D1286D48B000BA9692 /* Release */,
			);
			defaultConfigurationIsVisible = 0;
			defaultConfigurationName = Release;
		};
/* End XCConfigurationList section */
	};
	rootObject = 69D5E8B3286D48AF00BA9692 /* Project object */;
}
